
Microsoft Visual Studio Solution File, Format Version 12.00
# Visual Studio 14
VisualStudioVersion = 14.0.25420.1
MinimumVisualStudioVersion = 10.0.40219.1
Project("{FAE04EC0-301F-11D3-BF4B-00C04F79EFBC}") = "Sybrin.XProcessing", "Sybrin.XProcessing\Sybrin.XProcessing.csproj", "{5EFFAEA3-A78B-4B36-9488-3F9C3DA25FCF}"
EndProject
Global
	GlobalSection(SolutionConfigurationPlatforms) = preSolution
		Configure|Any CPU = Configure|Any CPU
		Debug|Any CPU = Debug|Any CPU
		Jenkins|Any CPU = Jenkins|Any CPU
		Release|Any CPU = Release|Any CPU
	EndGlobalSection
	GlobalSection(ProjectConfigurationPlatforms) = postSolution
		{5EFFAEA3-A78B-4B36-9488-3F9C3DA25FCF}.Configure|Any CPU.ActiveCfg = Configure|Any CPU
		{5EFFAEA3-A78B-4B36-9488-3F9C3DA25FCF}.Configure|Any CPU.Build.0 = Configure|Any CPU
		{5EFFAEA3-A78B-4B36-9488-3F9C3DA25FCF}.Debug|Any CPU.ActiveCfg = Debug|Any CPU
		{5EFFAEA3-A78B-4B36-9488-3F9C3DA25FCF}.Debug|Any CPU.Build.0 = Debug|Any CPU
		{5EFFAEA3-A78B-4B36-9488-3F9C3DA25FCF}.Jenkins|Any CPU.ActiveCfg = Jenkins|Any CPU
		{5EFFAEA3-A78B-4B36-9488-3F9C3DA25FCF}.Jenkins|Any CPU.Build.0 = Jenkins|Any CPU
		{5EFFAEA3-A78B-4B36-9488-3F9C3DA25FCF}.Release|Any CPU.ActiveCfg = Release|Any CPU
		{5EFFAEA3-A78B-4B36-9488-3F9C3DA25FCF}.Release|Any CPU.Build.0 = Release|Any CPU
	EndGlobalSection
	GlobalSection(SolutionProperties) = preSolution
		HideSolutionNode = FALSE
	EndGlobalSection
EndGlobal
