
Microsoft Visual Studio Solution File, Format Version 12.00
# Visual Studio 14
VisualStudioVersion = 14.0.25420.1
MinimumVisualStudioVersion = 10.0.40219.1
Project("{FAE04EC0-301F-11D3-BF4B-00C04F79EFBC}") = "Sybrin.XDisplayForm", "Sybrin.XDisplayForm\Sybrin.XDisplayForm.csproj", "{E57DB5A1-6961-445A-A835-2793B46B2858}"
EndProject
Global
	GlobalSection(SolutionConfigurationPlatforms) = preSolution
		Configure|Any CPU = Configure|Any CPU
		Debug|Any CPU = Debug|Any CPU
		Jenkins|Any CPU = Jenkins|Any CPU
		Release|Any CPU = Release|Any CPU
	EndGlobalSection
	GlobalSection(ProjectConfigurationPlatforms) = postSolution
		{E57DB5A1-6961-445A-A835-2793B46B2858}.Configure|Any CPU.ActiveCfg = Configure|Any CPU
		{E57DB5A1-6961-445A-A835-2793B46B2858}.Configure|Any CPU.Build.0 = Configure|Any CPU
		{E57DB5A1-6961-445A-A835-2793B46B2858}.Debug|Any CPU.ActiveCfg = Debug|Any CPU
		{E57DB5A1-6961-445A-A835-2793B46B2858}.Debug|Any CPU.Build.0 = Debug|Any CPU
		{E57DB5A1-6961-445A-A835-2793B46B2858}.Jenkins|Any CPU.ActiveCfg = Jenkins|Any CPU
		{E57DB5A1-6961-445A-A835-2793B46B2858}.Jenkins|Any CPU.Build.0 = Jenkins|Any CPU
		{E57DB5A1-6961-445A-A835-2793B46B2858}.Release|Any CPU.ActiveCfg = Release|Any CPU
		{E57DB5A1-6961-445A-A835-2793B46B2858}.Release|Any CPU.Build.0 = Release|Any CPU
	EndGlobalSection
	GlobalSection(SolutionProperties) = preSolution
		HideSolutionNode = FALSE
	EndGlobalSection
EndGlobal
